// !$*UTF8*$!
{
	archiveVersion = 1;
	classes = {
	};
	objectVersion = 46;
	objects = {

/* Begin PBXBuildFile section */
		13DB32C4B4EDEC05AD06D04D /* Pods_assistance.framework in Frameworks */ = {isa = PBXBuildFile; fileRef = 1AD07F4357EA9122E01613F4 /* Pods_assistance.framework */; };
		E10280B61C3FC4EC007E1962 /* SensorPermissionsTableViewController.swift in Sources */ = {isa = PBXBuildFile; fileRef = E10280B51C3FC4EC007E1962 /* SensorPermissionsTableViewController.swift */; };
		E10280B81C410474007E1962 /* SensorPermissionsTableViewCell.swift in Sources */ = {isa = PBXBuildFile; fileRef = E10280B71C410473007E1962 /* SensorPermissionsTableViewCell.swift */; };
		E10280BA1C464B1F007E1962 /* SensorAuthorizationStatus.swift in Sources */ = {isa = PBXBuildFile; fileRef = E10280B91C464B1F007E1962 /* SensorAuthorizationStatus.swift */; };
		E10280BC1C464FA2007E1962 /* SensorsManager.swift in Sources */ = {isa = PBXBuildFile; fileRef = E10280BB1C464FA2007E1962 /* SensorsManager.swift */; };
		E10E03881BEFDDD900D28F15 /* AppDelegate.swift in Sources */ = {isa = PBXBuildFile; fileRef = E10E03871BEFDDD900D28F15 /* AppDelegate.swift */; };
		E10E038D1BEFDDD900D28F15 /* Main.storyboard in Resources */ = {isa = PBXBuildFile; fileRef = E10E038B1BEFDDD900D28F15 /* Main.storyboard */; };
		E10E038F1BEFDDD900D28F15 /* Assets.xcassets in Resources */ = {isa = PBXBuildFile; fileRef = E10E038E1BEFDDD900D28F15 /* Assets.xcassets */; };
		E10E03921BEFDDD900D28F15 /* LaunchScreen.storyboard in Resources */ = {isa = PBXBuildFile; fileRef = E10E03901BEFDDD900D28F15 /* LaunchScreen.storyboard */; };
		E10E03A21BEFE3BE00D28F15 /* MapKit.framework in Frameworks */ = {isa = PBXBuildFile; fileRef = E10E03A11BEFE3BE00D28F15 /* MapKit.framework */; };
		E11E4EAB1BFE133900E3D7EE /* PowerState.swift in Sources */ = {isa = PBXBuildFile; fileRef = E11E4EAA1BFE133800E3D7EE /* PowerState.swift */; };
		E11E4EAD1BFE134300E3D7EE /* PowerStateManager.swift in Sources */ = {isa = PBXBuildFile; fileRef = E11E4EAC1BFE134300E3D7EE /* PowerStateManager.swift */; };
		E11E4EB01C00E63F00E3D7EE /* GyroscopeManager.swift in Sources */ = {isa = PBXBuildFile; fileRef = E11E4EAE1C00E63F00E3D7EE /* GyroscopeManager.swift */; };
		E11E4EB11C00E63F00E3D7EE /* MagneticFieldManager.swift in Sources */ = {isa = PBXBuildFile; fileRef = E11E4EAF1C00E63F00E3D7EE /* MagneticFieldManager.swift */; };
		E11E4EB31C00ED9100E3D7EE /* ConnectionManager.swift in Sources */ = {isa = PBXBuildFile; fileRef = E11E4EB21C00ED9100E3D7EE /* ConnectionManager.swift */; };
		E11E4EB51C00EE0300E3D7EE /* Connection.swift in Sources */ = {isa = PBXBuildFile; fileRef = E11E4EB41C00EE0300E3D7EE /* Connection.swift */; };
		E13FF09E1C08C30700EA4F8D /* WifiConnectionManager.swift in Sources */ = {isa = PBXBuildFile; fileRef = E13FF09D1C08C30600EA4F8D /* WifiConnectionManager.swift */; };
		E13FF0A01C08C31700EA4F8D /* WifiConnection.swift in Sources */ = {isa = PBXBuildFile; fileRef = E13FF09F1C08C31700EA4F8D /* WifiConnection.swift */; };
		E13FF0A21C08C37B00EA4F8D /* MobileConnection.swift in Sources */ = {isa = PBXBuildFile; fileRef = E13FF0A11C08C37B00EA4F8D /* MobileConnection.swift */; };
		E13FF0A41C08C38A00EA4F8D /* MobileConnectionManager.swift in Sources */ = {isa = PBXBuildFile; fileRef = E13FF0A31C08C38A00EA4F8D /* MobileConnectionManager.swift */; };
		E166A2C31C354D8300C96632 /* RealmString.swift in Sources */ = {isa = PBXBuildFile; fileRef = E166A2C21C354D8300C96632 /* RealmString.swift */; };
		E166A2C51C37FE2400C96632 /* TucanLoginTableViewController.swift in Sources */ = {isa = PBXBuildFile; fileRef = E166A2C41C37FE2400C96632 /* TucanLoginTableViewController.swift */; };
		E166A2C71C39839300C96632 /* Sensors.plist in Resources */ = {isa = PBXBuildFile; fileRef = E166A2C61C39839300C96632 /* Sensors.plist */; };
		E16A2C2B1BF377A600B0D785 /* CMMotionActivityEquality.swift in Sources */ = {isa = PBXBuildFile; fileRef = E16A2C131BF377A600B0D785 /* CMMotionActivityEquality.swift */; };
		E16A2C2C1BF377A600B0D785 /* ResultsExtension.swift in Sources */ = {isa = PBXBuildFile; fileRef = E16A2C141BF377A600B0D785 /* ResultsExtension.swift */; };
		E16A2C2D1BF377A600B0D785 /* LocationAuthorizationFailedViewController.swift in Sources */ = {isa = PBXBuildFile; fileRef = E16A2C161BF377A600B0D785 /* LocationAuthorizationFailedViewController.swift */; };
		E16A2C2E1BF377A600B0D785 /* LocationAuthorizationViewController.swift in Sources */ = {isa = PBXBuildFile; fileRef = E16A2C171BF377A600B0D785 /* LocationAuthorizationViewController.swift */; };
		E16A2C2F1BF377A600B0D785 /* LoginTableViewController.swift in Sources */ = {isa = PBXBuildFile; fileRef = E16A2C181BF377A600B0D785 /* LoginTableViewController.swift */; };
		E16A2C301BF377A600B0D785 /* RegisterTableViewController.swift in Sources */ = {isa = PBXBuildFile; fileRef = E16A2C191BF377A600B0D785 /* RegisterTableViewController.swift */; };
		E16A2C311BF377A600B0D785 /* AccelerometerManager.swift in Sources */ = {isa = PBXBuildFile; fileRef = E16A2C1C1BF377A600B0D785 /* AccelerometerManager.swift */; };
		E16A2C321BF377A600B0D785 /* MotionActivityManager.swift in Sources */ = {isa = PBXBuildFile; fileRef = E16A2C1D1BF377A600B0D785 /* MotionActivityManager.swift */; };
		E16A2C331BF377A600B0D785 /* PositionManager.swift in Sources */ = {isa = PBXBuildFile; fileRef = E16A2C1E1BF377A600B0D785 /* PositionManager.swift */; };
		E16A2C341BF377A600B0D785 /* SensorManager.swift in Sources */ = {isa = PBXBuildFile; fileRef = E16A2C1F1BF377A600B0D785 /* SensorManager.swift */; };
		E16A2C351BF377A600B0D785 /* Accelerometer.swift in Sources */ = {isa = PBXBuildFile; fileRef = E16A2C211BF377A600B0D785 /* Accelerometer.swift */; };
		E16A2C361BF377A600B0D785 /* Gyroscope.swift in Sources */ = {isa = PBXBuildFile; fileRef = E16A2C221BF377A600B0D785 /* Gyroscope.swift */; };
		E16A2C371BF377A600B0D785 /* MagneticField.swift in Sources */ = {isa = PBXBuildFile; fileRef = E16A2C231BF377A600B0D785 /* MagneticField.swift */; };
		E16A2C381BF377A600B0D785 /* MotionActivity.swift in Sources */ = {isa = PBXBuildFile; fileRef = E16A2C241BF377A600B0D785 /* MotionActivity.swift */; };
		E16A2C391BF377A600B0D785 /* Position.swift in Sources */ = {isa = PBXBuildFile; fileRef = E16A2C251BF377A600B0D785 /* Position.swift */; };
		E16A2C3A1BF377A600B0D785 /* Sensor.swift in Sources */ = {isa = PBXBuildFile; fileRef = E16A2C261BF377A600B0D785 /* Sensor.swift */; };
		E16A2C3B1BF377A600B0D785 /* DataSync.swift in Sources */ = {isa = PBXBuildFile; fileRef = E16A2C281BF377A600B0D785 /* DataSync.swift */; };
		E16A2C3C1BF377A600B0D785 /* ServerConnection.swift in Sources */ = {isa = PBXBuildFile; fileRef = E16A2C291BF377A600B0D785 /* ServerConnection.swift */; };
		E16A2C3D1BF377A600B0D785 /* UserManager.swift in Sources */ = {isa = PBXBuildFile; fileRef = E16A2C2A1BF377A600B0D785 /* UserManager.swift */; };
		E176DA701C19AAB400680A6A /* LabeledValue.swift in Sources */ = {isa = PBXBuildFile; fileRef = E176DA6F1C19AAB400680A6A /* LabeledValue.swift */; };
		E179E4F11C0B099900596C01 /* ModuleManager.swift in Sources */ = {isa = PBXBuildFile; fileRef = E179E4F01C0B099900596C01 /* ModuleManager.swift */; };
		E179E4F41C0B173C00596C01 /* GlobalConfig.swift in Sources */ = {isa = PBXBuildFile; fileRef = E179E4F31C0B173C00596C01 /* GlobalConfig.swift */; };
		E179E4F61C0B468F00596C01 /* AssistanceTableViewController.swift in Sources */ = {isa = PBXBuildFile; fileRef = E179E4F51C0B468F00596C01 /* AssistanceTableViewController.swift */; };
		E179E4F81C13532700596C01 /* FacebookManager.swift in Sources */ = {isa = PBXBuildFile; fileRef = E179E4F71C13532600596C01 /* FacebookManager.swift */; };
		E179E4FA1C13537900596C01 /* TucanManager.swift in Sources */ = {isa = PBXBuildFile; fileRef = E179E4F91C13537900596C01 /* TucanManager.swift */; };
		E179E4FC1C13578800596C01 /* CalendarManager.swift in Sources */ = {isa = PBXBuildFile; fileRef = E179E4FB1C13578800596C01 /* CalendarManager.swift */; };
		E179E5001C1357AE00596C01 /* ContactManager.swift in Sources */ = {isa = PBXBuildFile; fileRef = E179E4FF1C1357AE00596C01 /* ContactManager.swift */; };
		E179E5021C1358C800596C01 /* Contact.swift in Sources */ = {isa = PBXBuildFile; fileRef = E179E5011C1358C800596C01 /* Contact.swift */; };
		E179E5041C1358D600596C01 /* Alarm.swift in Sources */ = {isa = PBXBuildFile; fileRef = E179E5031C1358D600596C01 /* Alarm.swift */; };
		E179E5061C1358E300596C01 /* Calendar.swift in Sources */ = {isa = PBXBuildFile; fileRef = E179E5051C1358E300596C01 /* Calendar.swift */; };
		E179E5081C1358EF00596C01 /* Facebook.swift in Sources */ = {isa = PBXBuildFile; fileRef = E179E5071C1358EF00596C01 /* Facebook.swift */; };
		E179E50A1C1358FB00596C01 /* Tucan.swift in Sources */ = {isa = PBXBuildFile; fileRef = E179E5091C1358FB00596C01 /* Tucan.swift */; };
		E17F1CC71C18264A001F1DDA /* PowerLevelManager.swift in Sources */ = {isa = PBXBuildFile; fileRef = E17F1CC61C18264A001F1DDA /* PowerLevelManager.swift */; };
		E17F1CC91C1842DA001F1DDA /* PowerLevel.swift in Sources */ = {isa = PBXBuildFile; fileRef = E17F1CC81C1842DA001F1DDA /* PowerLevel.swift */; };
		E1F20B901C39B61800A7B39C /* ModuleDetailTableViewController.swift in Sources */ = {isa = PBXBuildFile; fileRef = E1F20B8D1C39B61800A7B39C /* ModuleDetailTableViewController.swift */; };
		E1F20B911C39B61800A7B39C /* ModuleTableViewCell.swift in Sources */ = {isa = PBXBuildFile; fileRef = E1F20B8E1C39B61800A7B39C /* ModuleTableViewCell.swift */; };
		E1F20B921C39B61800A7B39C /* ModuleTableViewController.swift in Sources */ = {isa = PBXBuildFile; fileRef = E1F20B8F1C39B61800A7B39C /* ModuleTableViewController.swift */; };
/* End PBXBuildFile section */

/* Begin PBXFileReference section */
		114DAED56AFC995D2D4614B2 /* Pods-assistance.debug.xcconfig */ = {isa = PBXFileReference; includeInIndex = 1; lastKnownFileType = text.xcconfig; name = "Pods-assistance.debug.xcconfig"; path = "Pods/Target Support Files/Pods-assistance/Pods-assistance.debug.xcconfig"; sourceTree = "<group>"; };
		1AD07F4357EA9122E01613F4 /* Pods_assistance.framework */ = {isa = PBXFileReference; explicitFileType = wrapper.framework; includeInIndex = 0; path = Pods_assistance.framework; sourceTree = BUILT_PRODUCTS_DIR; };
		ACA73DE11247251C818FDE5A /* Pods-assistance.release.xcconfig */ = {isa = PBXFileReference; includeInIndex = 1; lastKnownFileType = text.xcconfig; name = "Pods-assistance.release.xcconfig"; path = "Pods/Target Support Files/Pods-assistance/Pods-assistance.release.xcconfig"; sourceTree = "<group>"; };
		E10280B51C3FC4EC007E1962 /* SensorPermissionsTableViewController.swift */ = {isa = PBXFileReference; fileEncoding = 4; lastKnownFileType = sourcecode.swift; name = SensorPermissionsTableViewController.swift; path = "Sensor Permissions/SensorPermissionsTableViewController.swift"; sourceTree = "<group>"; };
		E10280B71C410473007E1962 /* SensorPermissionsTableViewCell.swift */ = {isa = PBXFileReference; fileEncoding = 4; lastKnownFileType = sourcecode.swift; name = SensorPermissionsTableViewCell.swift; path = "Sensor Permissions/SensorPermissionsTableViewCell.swift"; sourceTree = "<group>"; };
		E10280B91C464B1F007E1962 /* SensorAuthorizationStatus.swift */ = {isa = PBXFileReference; fileEncoding = 4; lastKnownFileType = sourcecode.swift; path = SensorAuthorizationStatus.swift; sourceTree = "<group>"; };
		E10280BB1C464FA2007E1962 /* SensorsManager.swift */ = {isa = PBXFileReference; fileEncoding = 4; lastKnownFileType = sourcecode.swift; name = SensorsManager.swift; path = assistance/Sensors/SensorsManager.swift; sourceTree = SOURCE_ROOT; };
		E10E03841BEFDDD900D28F15 /* assistance.app */ = {isa = PBXFileReference; explicitFileType = wrapper.application; includeInIndex = 0; path = assistance.app; sourceTree = BUILT_PRODUCTS_DIR; };
		E10E03871BEFDDD900D28F15 /* AppDelegate.swift */ = {isa = PBXFileReference; lastKnownFileType = sourcecode.swift; path = AppDelegate.swift; sourceTree = "<group>"; };
		E10E038C1BEFDDD900D28F15 /* Base */ = {isa = PBXFileReference; lastKnownFileType = file.storyboard; name = Base; path = Base.lproj/Main.storyboard; sourceTree = "<group>"; };
		E10E038E1BEFDDD900D28F15 /* Assets.xcassets */ = {isa = PBXFileReference; lastKnownFileType = folder.assetcatalog; path = Assets.xcassets; sourceTree = "<group>"; };
		E10E03911BEFDDD900D28F15 /* Base */ = {isa = PBXFileReference; lastKnownFileType = file.storyboard; name = Base; path = Base.lproj/LaunchScreen.storyboard; sourceTree = "<group>"; };
		E10E03931BEFDDD900D28F15 /* Info.plist */ = {isa = PBXFileReference; lastKnownFileType = text.plist.xml; path = Info.plist; sourceTree = "<group>"; };
		E10E03A11BEFE3BE00D28F15 /* MapKit.framework */ = {isa = PBXFileReference; lastKnownFileType = wrapper.framework; name = MapKit.framework; path = System/Library/Frameworks/MapKit.framework; sourceTree = SDKROOT; };
		E11E4EAA1BFE133800E3D7EE /* PowerState.swift */ = {isa = PBXFileReference; fileEncoding = 4; lastKnownFileType = sourcecode.swift; path = PowerState.swift; sourceTree = "<group>"; };
		E11E4EAC1BFE134300E3D7EE /* PowerStateManager.swift */ = {isa = PBXFileReference; fileEncoding = 4; lastKnownFileType = sourcecode.swift; lineEnding = 0; path = PowerStateManager.swift; sourceTree = "<group>"; xcLanguageSpecificationIdentifier = xcode.lang.swift; };
		E11E4EAE1C00E63F00E3D7EE /* GyroscopeManager.swift */ = {isa = PBXFileReference; fileEncoding = 4; lastKnownFileType = sourcecode.swift; lineEnding = 0; path = GyroscopeManager.swift; sourceTree = "<group>"; xcLanguageSpecificationIdentifier = xcode.lang.swift; };
		E11E4EAF1C00E63F00E3D7EE /* MagneticFieldManager.swift */ = {isa = PBXFileReference; fileEncoding = 4; lastKnownFileType = sourcecode.swift; lineEnding = 0; path = MagneticFieldManager.swift; sourceTree = "<group>"; xcLanguageSpecificationIdentifier = xcode.lang.swift; };
		E11E4EB21C00ED9100E3D7EE /* ConnectionManager.swift */ = {isa = PBXFileReference; fileEncoding = 4; lastKnownFileType = sourcecode.swift; lineEnding = 0; path = ConnectionManager.swift; sourceTree = "<group>"; xcLanguageSpecificationIdentifier = xcode.lang.swift; };
		E11E4EB41C00EE0300E3D7EE /* Connection.swift */ = {isa = PBXFileReference; fileEncoding = 4; lastKnownFileType = sourcecode.swift; path = Connection.swift; sourceTree = "<group>"; };
		E13FF09D1C08C30600EA4F8D /* WifiConnectionManager.swift */ = {isa = PBXFileReference; fileEncoding = 4; lastKnownFileType = sourcecode.swift; path = WifiConnectionManager.swift; sourceTree = "<group>"; };
		E13FF09F1C08C31700EA4F8D /* WifiConnection.swift */ = {isa = PBXFileReference; fileEncoding = 4; lastKnownFileType = sourcecode.swift; path = WifiConnection.swift; sourceTree = "<group>"; };
		E13FF0A11C08C37B00EA4F8D /* MobileConnection.swift */ = {isa = PBXFileReference; fileEncoding = 4; lastKnownFileType = sourcecode.swift; path = MobileConnection.swift; sourceTree = "<group>"; };
		E13FF0A31C08C38A00EA4F8D /* MobileConnectionManager.swift */ = {isa = PBXFileReference; fileEncoding = 4; lastKnownFileType = sourcecode.swift; lineEnding = 0; path = MobileConnectionManager.swift; sourceTree = "<group>"; xcLanguageSpecificationIdentifier = xcode.lang.swift; };
		E13FF0A91C0A11C600EA4F8D /* assistance.entitlements */ = {isa = PBXFileReference; lastKnownFileType = text.xml; path = assistance.entitlements; sourceTree = "<group>"; };
		E166A2C21C354D8300C96632 /* RealmString.swift */ = {isa = PBXFileReference; fileEncoding = 4; lastKnownFileType = sourcecode.swift; path = RealmString.swift; sourceTree = "<group>"; };
		E166A2C41C37FE2400C96632 /* TucanLoginTableViewController.swift */ = {isa = PBXFileReference; fileEncoding = 4; lastKnownFileType = sourcecode.swift; path = TucanLoginTableViewController.swift; sourceTree = "<group>"; };
		E166A2C61C39839300C96632 /* Sensors.plist */ = {isa = PBXFileReference; fileEncoding = 4; lastKnownFileType = text.plist.xml; path = Sensors.plist; sourceTree = "<group>"; };
		E16A2C131BF377A600B0D785 /* CMMotionActivityEquality.swift */ = {isa = PBXFileReference; fileEncoding = 4; lastKnownFileType = sourcecode.swift; path = CMMotionActivityEquality.swift; sourceTree = "<group>"; };
		E16A2C141BF377A600B0D785 /* ResultsExtension.swift */ = {isa = PBXFileReference; fileEncoding = 4; lastKnownFileType = sourcecode.swift; path = ResultsExtension.swift; sourceTree = "<group>"; };
		E16A2C161BF377A600B0D785 /* LocationAuthorizationFailedViewController.swift */ = {isa = PBXFileReference; fileEncoding = 4; lastKnownFileType = sourcecode.swift; path = LocationAuthorizationFailedViewController.swift; sourceTree = "<group>"; };
		E16A2C171BF377A600B0D785 /* LocationAuthorizationViewController.swift */ = {isa = PBXFileReference; fileEncoding = 4; lastKnownFileType = sourcecode.swift; path = LocationAuthorizationViewController.swift; sourceTree = "<group>"; };
		E16A2C181BF377A600B0D785 /* LoginTableViewController.swift */ = {isa = PBXFileReference; fileEncoding = 4; lastKnownFileType = sourcecode.swift; path = LoginTableViewController.swift; sourceTree = "<group>"; };
		E16A2C191BF377A600B0D785 /* RegisterTableViewController.swift */ = {isa = PBXFileReference; fileEncoding = 4; lastKnownFileType = sourcecode.swift; path = RegisterTableViewController.swift; sourceTree = "<group>"; };
		E16A2C1C1BF377A600B0D785 /* AccelerometerManager.swift */ = {isa = PBXFileReference; fileEncoding = 4; lastKnownFileType = sourcecode.swift; lineEnding = 0; path = AccelerometerManager.swift; sourceTree = "<group>"; xcLanguageSpecificationIdentifier = xcode.lang.swift; };
		E16A2C1D1BF377A600B0D785 /* MotionActivityManager.swift */ = {isa = PBXFileReference; fileEncoding = 4; lastKnownFileType = sourcecode.swift; lineEnding = 0; path = MotionActivityManager.swift; sourceTree = "<group>"; xcLanguageSpecificationIdentifier = xcode.lang.swift; };
		E16A2C1E1BF377A600B0D785 /* PositionManager.swift */ = {isa = PBXFileReference; fileEncoding = 4; lastKnownFileType = sourcecode.swift; lineEnding = 0; path = PositionManager.swift; sourceTree = "<group>"; xcLanguageSpecificationIdentifier = xcode.lang.swift; };
		E16A2C1F1BF377A600B0D785 /* SensorManager.swift */ = {isa = PBXFileReference; fileEncoding = 4; lastKnownFileType = sourcecode.swift; path = SensorManager.swift; sourceTree = "<group>"; };
		E16A2C211BF377A600B0D785 /* Accelerometer.swift */ = {isa = PBXFileReference; fileEncoding = 4; lastKnownFileType = sourcecode.swift; path = Accelerometer.swift; sourceTree = "<group>"; };
		E16A2C221BF377A600B0D785 /* Gyroscope.swift */ = {isa = PBXFileReference; fileEncoding = 4; lastKnownFileType = sourcecode.swift; path = Gyroscope.swift; sourceTree = "<group>"; };
		E16A2C231BF377A600B0D785 /* MagneticField.swift */ = {isa = PBXFileReference; fileEncoding = 4; lastKnownFileType = sourcecode.swift; path = MagneticField.swift; sourceTree = "<group>"; };
		E16A2C241BF377A600B0D785 /* MotionActivity.swift */ = {isa = PBXFileReference; fileEncoding = 4; lastKnownFileType = sourcecode.swift; path = MotionActivity.swift; sourceTree = "<group>"; };
		E16A2C251BF377A600B0D785 /* Position.swift */ = {isa = PBXFileReference; fileEncoding = 4; lastKnownFileType = sourcecode.swift; path = Position.swift; sourceTree = "<group>"; };
		E16A2C261BF377A600B0D785 /* Sensor.swift */ = {isa = PBXFileReference; fileEncoding = 4; lastKnownFileType = sourcecode.swift; path = Sensor.swift; sourceTree = "<group>"; };
		E16A2C281BF377A600B0D785 /* DataSync.swift */ = {isa = PBXFileReference; fileEncoding = 4; lastKnownFileType = sourcecode.swift; lineEnding = 0; path = DataSync.swift; sourceTree = "<group>"; xcLanguageSpecificationIdentifier = xcode.lang.swift; };
		E16A2C291BF377A600B0D785 /* ServerConnection.swift */ = {isa = PBXFileReference; fileEncoding = 4; lastKnownFileType = sourcecode.swift; path = ServerConnection.swift; sourceTree = "<group>"; };
		E16A2C2A1BF377A600B0D785 /* UserManager.swift */ = {isa = PBXFileReference; fileEncoding = 4; lastKnownFileType = sourcecode.swift; path = UserManager.swift; sourceTree = "<group>"; };
		E176DA6F1C19AAB400680A6A /* LabeledValue.swift */ = {isa = PBXFileReference; fileEncoding = 4; lastKnownFileType = sourcecode.swift; path = LabeledValue.swift; sourceTree = "<group>"; };
		E179E4F01C0B099900596C01 /* ModuleManager.swift */ = {isa = PBXFileReference; fileEncoding = 4; lastKnownFileType = sourcecode.swift; path = ModuleManager.swift; sourceTree = "<group>"; };
		E179E4F31C0B173C00596C01 /* GlobalConfig.swift */ = {isa = PBXFileReference; fileEncoding = 4; lastKnownFileType = sourcecode.swift; name = GlobalConfig.swift; path = "Helpers and Extensions/GlobalConfig.swift"; sourceTree = "<group>"; };
		E179E4F51C0B468F00596C01 /* AssistanceTableViewController.swift */ = {isa = PBXFileReference; fileEncoding = 4; lastKnownFileType = sourcecode.swift; path = AssistanceTableViewController.swift; sourceTree = "<group>"; };
		E179E4F71C13532600596C01 /* FacebookManager.swift */ = {isa = PBXFileReference; fileEncoding = 4; lastKnownFileType = sourcecode.swift; lineEnding = 0; path = FacebookManager.swift; sourceTree = "<group>"; xcLanguageSpecificationIdentifier = xcode.lang.swift; };
		E179E4F91C13537900596C01 /* TucanManager.swift */ = {isa = PBXFileReference; fileEncoding = 4; lastKnownFileType = sourcecode.swift; lineEnding = 0; path = TucanManager.swift; sourceTree = "<group>"; xcLanguageSpecificationIdentifier = xcode.lang.swift; };
		E179E4FB1C13578800596C01 /* CalendarManager.swift */ = {isa = PBXFileReference; fileEncoding = 4; lastKnownFileType = sourcecode.swift; lineEnding = 0; path = CalendarManager.swift; sourceTree = "<group>"; xcLanguageSpecificationIdentifier = xcode.lang.swift; };
		E179E4FF1C1357AE00596C01 /* ContactManager.swift */ = {isa = PBXFileReference; fileEncoding = 4; lastKnownFileType = sourcecode.swift; lineEnding = 0; path = ContactManager.swift; sourceTree = "<group>"; xcLanguageSpecificationIdentifier = xcode.lang.swift; };
		E179E5011C1358C800596C01 /* Contact.swift */ = {isa = PBXFileReference; fileEncoding = 4; lastKnownFileType = sourcecode.swift; path = Contact.swift; sourceTree = "<group>"; };
		E179E5031C1358D600596C01 /* Alarm.swift */ = {isa = PBXFileReference; fileEncoding = 4; lastKnownFileType = sourcecode.swift; path = Alarm.swift; sourceTree = "<group>"; };
		E179E5051C1358E300596C01 /* Calendar.swift */ = {isa = PBXFileReference; fileEncoding = 4; lastKnownFileType = sourcecode.swift; path = Calendar.swift; sourceTree = "<group>"; };
		E179E5071C1358EF00596C01 /* Facebook.swift */ = {isa = PBXFileReference; fileEncoding = 4; lastKnownFileType = sourcecode.swift; path = Facebook.swift; sourceTree = "<group>"; };
		E179E5091C1358FB00596C01 /* Tucan.swift */ = {isa = PBXFileReference; fileEncoding = 4; lastKnownFileType = sourcecode.swift; path = Tucan.swift; sourceTree = "<group>"; };
		E17F1CC61C18264A001F1DDA /* PowerLevelManager.swift */ = {isa = PBXFileReference; fileEncoding = 4; lastKnownFileType = sourcecode.swift; lineEnding = 0; path = PowerLevelManager.swift; sourceTree = "<group>"; xcLanguageSpecificationIdentifier = xcode.lang.swift; };
		E17F1CC81C1842DA001F1DDA /* PowerLevel.swift */ = {isa = PBXFileReference; fileEncoding = 4; lastKnownFileType = sourcecode.swift; path = PowerLevel.swift; sourceTree = "<group>"; };
		E1F20B8D1C39B61800A7B39C /* ModuleDetailTableViewController.swift */ = {isa = PBXFileReference; fileEncoding = 4; lastKnownFileType = sourcecode.swift; name = ModuleDetailTableViewController.swift; path = Modules/ModuleDetailTableViewController.swift; sourceTree = "<group>"; };
		E1F20B8E1C39B61800A7B39C /* ModuleTableViewCell.swift */ = {isa = PBXFileReference; fileEncoding = 4; lastKnownFileType = sourcecode.swift; name = ModuleTableViewCell.swift; path = Modules/ModuleTableViewCell.swift; sourceTree = "<group>"; };
		E1F20B8F1C39B61800A7B39C /* ModuleTableViewController.swift */ = {isa = PBXFileReference; fileEncoding = 4; lastKnownFileType = sourcecode.swift; name = ModuleTableViewController.swift; path = Modules/ModuleTableViewController.swift; sourceTree = "<group>"; };
/* End PBXFileReference section */

/* Begin PBXFrameworksBuildPhase section */
		E10E03811BEFDDD900D28F15 /* Frameworks */ = {
			isa = PBXFrameworksBuildPhase;
			buildActionMask = 2147483647;
			files = (
				E10E03A21BEFE3BE00D28F15 /* MapKit.framework in Frameworks */,
				13DB32C4B4EDEC05AD06D04D /* Pods_assistance.framework in Frameworks */,
			);
			runOnlyForDeploymentPostprocessing = 0;
		};
/* End PBXFrameworksBuildPhase section */

/* Begin PBXGroup section */
		32CF01121C229A22CD75C39E /* Frameworks */ = {
			isa = PBXGroup;
			children = (
				E10E03A11BEFE3BE00D28F15 /* MapKit.framework */,
				1AD07F4357EA9122E01613F4 /* Pods_assistance.framework */,
			);
			name = Frameworks;
			sourceTree = "<group>";
		};
		E10280B41C3FC4AC007E1962 /* Sensor Permissions */ = {
			isa = PBXGroup;
			children = (
				E10280B51C3FC4EC007E1962 /* SensorPermissionsTableViewController.swift */,
				E10280B71C410473007E1962 /* SensorPermissionsTableViewCell.swift */,
			);
			name = "Sensor Permissions";
			sourceTree = "<group>";
		};
		E10E037B1BEFDDD900D28F15 = {
			isa = PBXGroup;
			children = (
				E10E03861BEFDDD900D28F15 /* assistance */,
				E179E4F21C0B163700596C01 /* Configuration */,
				E10E03851BEFDDD900D28F15 /* Products */,
				FF1A98267B92CC7DCB74AF4D /* Pods */,
				32CF01121C229A22CD75C39E /* Frameworks */,
			);
			sourceTree = "<group>";
		};
		E10E03851BEFDDD900D28F15 /* Products */ = {
			isa = PBXGroup;
			children = (
				E10E03841BEFDDD900D28F15 /* assistance.app */,
			);
			name = Products;
			sourceTree = "<group>";
		};
		E10E03861BEFDDD900D28F15 /* assistance */ = {
			isa = PBXGroup;
			children = (
				E10E03871BEFDDD900D28F15 /* AppDelegate.swift */,
				E179E4F51C0B468F00596C01 /* AssistanceTableViewController.swift */,
				E166A2C41C37FE2400C96632 /* TucanLoginTableViewController.swift */,
				E10E038B1BEFDDD900D28F15 /* Main.storyboard */,
				E10E03901BEFDDD900D28F15 /* LaunchScreen.storyboard */,
				E10E038E1BEFDDD900D28F15 /* Assets.xcassets */,
				E16A2C151BF377A600B0D785 /* Onboarding */,
				E1F20B8C1C39B5EC00A7B39C /* Modules */,
				E10280B41C3FC4AC007E1962 /* Sensor Permissions */,
				E16A2C1A1BF377A600B0D785 /* Sensors */,
				E16A2C271BF377A600B0D785 /* Server Communication */,
				E16A2C121BF377A600B0D785 /* Helpers and Extensions */,
			);
			path = assistance;
			sourceTree = "<group>";
		};
		E16A2C121BF377A600B0D785 /* Helpers and Extensions */ = {
			isa = PBXGroup;
			children = (
				E16A2C131BF377A600B0D785 /* CMMotionActivityEquality.swift */,
				E16A2C141BF377A600B0D785 /* ResultsExtension.swift */,
				E166A2C21C354D8300C96632 /* RealmString.swift */,
				E10280B91C464B1F007E1962 /* SensorAuthorizationStatus.swift */,
			);
			path = "Helpers and Extensions";
			sourceTree = "<group>";
		};
		E16A2C151BF377A600B0D785 /* Onboarding */ = {
			isa = PBXGroup;
			children = (
				E16A2C161BF377A600B0D785 /* LocationAuthorizationFailedViewController.swift */,
				E16A2C171BF377A600B0D785 /* LocationAuthorizationViewController.swift */,
				E16A2C181BF377A600B0D785 /* LoginTableViewController.swift */,
				E16A2C191BF377A600B0D785 /* RegisterTableViewController.swift */,
			);
			path = Onboarding;
			sourceTree = "<group>";
		};
		E16A2C1A1BF377A600B0D785 /* Sensors */ = {
			isa = PBXGroup;
			children = (
				E10280BB1C464FA2007E1962 /* SensorsManager.swift */,
				E16A2C1B1BF377A600B0D785 /* Managers */,
				E16A2C201BF377A600B0D785 /* Model */,
			);
			path = Sensors;
			sourceTree = "<group>";
		};
		E16A2C1B1BF377A600B0D785 /* Managers */ = {
			isa = PBXGroup;
			children = (
				E16A2C1C1BF377A600B0D785 /* AccelerometerManager.swift */,
				E179E4FB1C13578800596C01 /* CalendarManager.swift */,
				E11E4EB21C00ED9100E3D7EE /* ConnectionManager.swift */,
				E179E4FF1C1357AE00596C01 /* ContactManager.swift */,
				E179E4F71C13532600596C01 /* FacebookManager.swift */,
				E11E4EAE1C00E63F00E3D7EE /* GyroscopeManager.swift */,
				E11E4EAF1C00E63F00E3D7EE /* MagneticFieldManager.swift */,
				E13FF0A31C08C38A00EA4F8D /* MobileConnectionManager.swift */,
				E16A2C1D1BF377A600B0D785 /* MotionActivityManager.swift */,
				E16A2C1E1BF377A600B0D785 /* PositionManager.swift */,
				E17F1CC61C18264A001F1DDA /* PowerLevelManager.swift */,
				E11E4EAC1BFE134300E3D7EE /* PowerStateManager.swift */,
				E16A2C1F1BF377A600B0D785 /* SensorManager.swift */,
				E179E4F91C13537900596C01 /* TucanManager.swift */,
				E13FF09D1C08C30600EA4F8D /* WifiConnectionManager.swift */,
			);
			path = Managers;
			sourceTree = "<group>";
		};
		E16A2C201BF377A600B0D785 /* Model */ = {
			isa = PBXGroup;
			children = (
				E16A2C211BF377A600B0D785 /* Accelerometer.swift */,
				E179E5031C1358D600596C01 /* Alarm.swift */,
				E179E5051C1358E300596C01 /* Calendar.swift */,
				E11E4EB41C00EE0300E3D7EE /* Connection.swift */,
				E179E5011C1358C800596C01 /* Contact.swift */,
				E179E5071C1358EF00596C01 /* Facebook.swift */,
				E16A2C221BF377A600B0D785 /* Gyroscope.swift */,
				E176DA6F1C19AAB400680A6A /* LabeledValue.swift */,
				E16A2C231BF377A600B0D785 /* MagneticField.swift */,
				E13FF0A11C08C37B00EA4F8D /* MobileConnection.swift */,
				E16A2C241BF377A600B0D785 /* MotionActivity.swift */,
				E16A2C251BF377A600B0D785 /* Position.swift */,
				E17F1CC81C1842DA001F1DDA /* PowerLevel.swift */,
				E11E4EAA1BFE133800E3D7EE /* PowerState.swift */,
				E16A2C261BF377A600B0D785 /* Sensor.swift */,
				E179E5091C1358FB00596C01 /* Tucan.swift */,
				E13FF09F1C08C31700EA4F8D /* WifiConnection.swift */,
			);
			path = Model;
			sourceTree = "<group>";
		};
		E16A2C271BF377A600B0D785 /* Server Communication */ = {
			isa = PBXGroup;
			children = (
				E16A2C281BF377A600B0D785 /* DataSync.swift */,
				E179E4F01C0B099900596C01 /* ModuleManager.swift */,
				E16A2C291BF377A600B0D785 /* ServerConnection.swift */,
				E16A2C2A1BF377A600B0D785 /* UserManager.swift */,
			);
			path = "Server Communication";
			sourceTree = "<group>";
		};
		E179E4F21C0B163700596C01 /* Configuration */ = {
			isa = PBXGroup;
			children = (
				E179E4F31C0B173C00596C01 /* GlobalConfig.swift */,
				E10E03931BEFDDD900D28F15 /* Info.plist */,
				E166A2C61C39839300C96632 /* Sensors.plist */,
				E13FF0A91C0A11C600EA4F8D /* assistance.entitlements */,
			);
			name = Configuration;
			path = assistance;
			sourceTree = "<group>";
		};
		E1F20B8C1C39B5EC00A7B39C /* Modules */ = {
			isa = PBXGroup;
			children = (
				E1F20B8D1C39B61800A7B39C /* ModuleDetailTableViewController.swift */,
				E1F20B8E1C39B61800A7B39C /* ModuleTableViewCell.swift */,
				E1F20B8F1C39B61800A7B39C /* ModuleTableViewController.swift */,
			);
			name = Modules;
			sourceTree = "<group>";
		};
		FF1A98267B92CC7DCB74AF4D /* Pods */ = {
			isa = PBXGroup;
			children = (
				114DAED56AFC995D2D4614B2 /* Pods-assistance.debug.xcconfig */,
				ACA73DE11247251C818FDE5A /* Pods-assistance.release.xcconfig */,
			);
			name = Pods;
			sourceTree = "<group>";
		};
/* End PBXGroup section */

/* Begin PBXNativeTarget section */
		E10E03831BEFDDD900D28F15 /* assistance */ = {
			isa = PBXNativeTarget;
			buildConfigurationList = E10E03961BEFDDD900D28F15 /* Build configuration list for PBXNativeTarget "assistance" */;
			buildPhases = (
				3DE93C641B9C4926DB5B1EC7 /* Check Pods Manifest.lock */,
				E10E03801BEFDDD900D28F15 /* Sources */,
				E10E03811BEFDDD900D28F15 /* Frameworks */,
				E10E03821BEFDDD900D28F15 /* Resources */,
				B264EF1FE8D491CE269AE386 /* Embed Pods Frameworks */,
				A9AF94F3A1587A3D964AA2C3 /* Copy Pods Resources */,
				E10E03A31BEFE42F00D28F15 /* ShellScript */,
			);
			buildRules = (
			);
			dependencies = (
			);
			name = assistance;
			productName = assistance;
			productReference = E10E03841BEFDDD900D28F15 /* assistance.app */;
			productType = "com.apple.product-type.application";
		};
/* End PBXNativeTarget section */

/* Begin PBXProject section */
		E10E037C1BEFDDD900D28F15 /* Project object */ = {
			isa = PBXProject;
			attributes = {
				LastSwiftUpdateCheck = 0710;
				LastUpgradeCheck = 0710;
				ORGANIZATIONNAME = "Darmstadt University of Technology";
				TargetAttributes = {
					E10E03831BEFDDD900D28F15 = {
						CreatedOnToolsVersion = 7.1;
						DevelopmentTeam = 7WDB4D7587;
						SystemCapabilities = {
							com.apple.ApplicationGroups.iOS = {
								enabled = 1;
							};
							com.apple.BackgroundModes = {
								enabled = 1;
							};
							com.apple.Maps.iOS = {
								enabled = 1;
							};
							com.apple.Push = {
								enabled = 1;
							};
						};
					};
				};
			};
			buildConfigurationList = E10E037F1BEFDDD900D28F15 /* Build configuration list for PBXProject "assistance" */;
			compatibilityVersion = "Xcode 3.2";
			developmentRegion = English;
			hasScannedForEncodings = 0;
			knownRegions = (
				en,
				Base,
			);
			mainGroup = E10E037B1BEFDDD900D28F15;
			productRefGroup = E10E03851BEFDDD900D28F15 /* Products */;
			projectDirPath = "";
			projectRoot = "";
			targets = (
				E10E03831BEFDDD900D28F15 /* assistance */,
			);
		};
/* End PBXProject section */

/* Begin PBXResourcesBuildPhase section */
		E10E03821BEFDDD900D28F15 /* Resources */ = {
			isa = PBXResourcesBuildPhase;
			buildActionMask = 2147483647;
			files = (
				E166A2C71C39839300C96632 /* Sensors.plist in Resources */,
				E10E03921BEFDDD900D28F15 /* LaunchScreen.storyboard in Resources */,
				E10E038F1BEFDDD900D28F15 /* Assets.xcassets in Resources */,
				E10E038D1BEFDDD900D28F15 /* Main.storyboard in Resources */,
			);
			runOnlyForDeploymentPostprocessing = 0;
		};
/* End PBXResourcesBuildPhase section */

/* Begin PBXShellScriptBuildPhase section */
		3DE93C641B9C4926DB5B1EC7 /* Check Pods Manifest.lock */ = {
			isa = PBXShellScriptBuildPhase;
			buildActionMask = 2147483647;
			files = (
			);
			inputPaths = (
			);
			name = "Check Pods Manifest.lock";
			outputPaths = (
			);
			runOnlyForDeploymentPostprocessing = 0;
			shellPath = /bin/sh;
			shellScript = "diff \"${PODS_ROOT}/../Podfile.lock\" \"${PODS_ROOT}/Manifest.lock\" > /dev/null\nif [[ $? != 0 ]] ; then\n    cat << EOM\nerror: The sandbox is not in sync with the Podfile.lock. Run 'pod install' or update your CocoaPods installation.\nEOM\n    exit 1\nfi\n";
			showEnvVarsInLog = 0;
		};
		A9AF94F3A1587A3D964AA2C3 /* Copy Pods Resources */ = {
			isa = PBXShellScriptBuildPhase;
			buildActionMask = 2147483647;
			files = (
			);
			inputPaths = (
			);
			name = "Copy Pods Resources";
			outputPaths = (
			);
			runOnlyForDeploymentPostprocessing = 0;
			shellPath = /bin/sh;
			shellScript = "\"${SRCROOT}/Pods/Target Support Files/Pods-assistance/Pods-assistance-resources.sh\"\n";
			showEnvVarsInLog = 0;
		};
		B264EF1FE8D491CE269AE386 /* Embed Pods Frameworks */ = {
			isa = PBXShellScriptBuildPhase;
			buildActionMask = 2147483647;
			files = (
			);
			inputPaths = (
			);
			name = "Embed Pods Frameworks";
			outputPaths = (
			);
			runOnlyForDeploymentPostprocessing = 0;
			shellPath = /bin/sh;
			shellScript = "\"${SRCROOT}/Pods/Target Support Files/Pods-assistance/Pods-assistance-frameworks.sh\"\n";
			showEnvVarsInLog = 0;
		};
		E10E03A31BEFE42F00D28F15 /* ShellScript */ = {
			isa = PBXShellScriptBuildPhase;
			buildActionMask = 2147483647;
			files = (
			);
			inputPaths = (
			);
			outputPaths = (
			);
			runOnlyForDeploymentPostprocessing = 0;
			shellPath = /bin/sh;
			shellScript = "TAGS=\"TODO:|FIXME:|WARNING:\"\necho \"searching ${SRCROOT} for ${TAGS}\"\nfind \"${SRCROOT}\" \\( -name \"*.swift\" \\) -print0 | xargs -0 egrep --with-filename --line-number --only-matching \"($TAGS).*\\$\" | perl -p -e \"s/($TAGS)/ warning: \\$1/\"";
		};
/* End PBXShellScriptBuildPhase section */

/* Begin PBXSourcesBuildPhase section */
		E10E03801BEFDDD900D28F15 /* Sources */ = {
			isa = PBXSourcesBuildPhase;
			buildActionMask = 2147483647;
			files = (
				E179E5021C1358C800596C01 /* Contact.swift in Sources */,
				E16A2C321BF377A600B0D785 /* MotionActivityManager.swift in Sources */,
				E16A2C3B1BF377A600B0D785 /* DataSync.swift in Sources */,
				E10280BC1C464FA2007E1962 /* SensorsManager.swift in Sources */,
				E16A2C361BF377A600B0D785 /* Gyroscope.swift in Sources */,
				E16A2C381BF377A600B0D785 /* MotionActivity.swift in Sources */,
				E176DA701C19AAB400680A6A /* LabeledValue.swift in Sources */,
				E16A2C301BF377A600B0D785 /* RegisterTableViewController.swift in Sources */,
				E11E4EAB1BFE133900E3D7EE /* PowerState.swift in Sources */,
				E11E4EB11C00E63F00E3D7EE /* MagneticFieldManager.swift in Sources */,
				E16A2C351BF377A600B0D785 /* Accelerometer.swift in Sources */,
				E1F20B911C39B61800A7B39C /* ModuleTableViewCell.swift in Sources */,
				E1F20B921C39B61800A7B39C /* ModuleTableViewController.swift in Sources */,
				E179E5001C1357AE00596C01 /* ContactManager.swift in Sources */,
				E13FF09E1C08C30700EA4F8D /* WifiConnectionManager.swift in Sources */,
				E16A2C311BF377A600B0D785 /* AccelerometerManager.swift in Sources */,
				E16A2C2C1BF377A600B0D785 /* ResultsExtension.swift in Sources */,
				E13FF0A41C08C38A00EA4F8D /* MobileConnectionManager.swift in Sources */,
				E16A2C3C1BF377A600B0D785 /* ServerConnection.swift in Sources */,
				E16A2C391BF377A600B0D785 /* Position.swift in Sources */,
				E179E5061C1358E300596C01 /* Calendar.swift in Sources */,
				E16A2C3D1BF377A600B0D785 /* UserManager.swift in Sources */,
				E11E4EAD1BFE134300E3D7EE /* PowerStateManager.swift in Sources */,
				E13FF0A21C08C37B00EA4F8D /* MobileConnection.swift in Sources */,
				E179E4F41C0B173C00596C01 /* GlobalConfig.swift in Sources */,
				E11E4EB31C00ED9100E3D7EE /* ConnectionManager.swift in Sources */,
				E16A2C331BF377A600B0D785 /* PositionManager.swift in Sources */,
				E179E4F11C0B099900596C01 /* ModuleManager.swift in Sources */,
				E179E4FC1C13578800596C01 /* CalendarManager.swift in Sources */,
				E10280B61C3FC4EC007E1962 /* SensorPermissionsTableViewController.swift in Sources */,
				E166A2C31C354D8300C96632 /* RealmString.swift in Sources */,
				E179E4FA1C13537900596C01 /* TucanManager.swift in Sources */,
				E10280BA1C464B1F007E1962 /* SensorAuthorizationStatus.swift in Sources */,
				E13FF0A01C08C31700EA4F8D /* WifiConnection.swift in Sources */,
				E11E4EB01C00E63F00E3D7EE /* GyroscopeManager.swift in Sources */,
				E16A2C2B1BF377A600B0D785 /* CMMotionActivityEquality.swift in Sources */,
				E11E4EB51C00EE0300E3D7EE /* Connection.swift in Sources */,
				E1F20B901C39B61800A7B39C /* ModuleDetailTableViewController.swift in Sources */,
				E179E50A1C1358FB00596C01 /* Tucan.swift in Sources */,
				E179E5081C1358EF00596C01 /* Facebook.swift in Sources */,
				E16A2C341BF377A600B0D785 /* SensorManager.swift in Sources */,
				E166A2C51C37FE2400C96632 /* TucanLoginTableViewController.swift in Sources */,
				E16A2C2E1BF377A600B0D785 /* LocationAuthorizationViewController.swift in Sources */,
				E16A2C3A1BF377A600B0D785 /* Sensor.swift in Sources */,
				E10E03881BEFDDD900D28F15 /* AppDelegate.swift in Sources */,
				E179E4F81C13532700596C01 /* FacebookManager.swift in Sources */,
				E16A2C2D1BF377A600B0D785 /* LocationAuthorizationFailedViewController.swift in Sources */,
				E179E4F61C0B468F00596C01 /* AssistanceTableViewController.swift in Sources */,
				E17F1CC71C18264A001F1DDA /* PowerLevelManager.swift in Sources */,
				E16A2C371BF377A600B0D785 /* MagneticField.swift in Sources */,
				E10280B81C410474007E1962 /* SensorPermissionsTableViewCell.swift in Sources */,
				E16A2C2F1BF377A600B0D785 /* LoginTableViewController.swift in Sources */,
				E179E5041C1358D600596C01 /* Alarm.swift in Sources */,
				E17F1CC91C1842DA001F1DDA /* PowerLevel.swift in Sources */,
			);
			runOnlyForDeploymentPostprocessing = 0;
		};
/* End PBXSourcesBuildPhase section */

/* Begin PBXVariantGroup section */
		E10E038B1BEFDDD900D28F15 /* Main.storyboard */ = {
			isa = PBXVariantGroup;
			children = (
				E10E038C1BEFDDD900D28F15 /* Base */,
			);
			name = Main.storyboard;
			sourceTree = "<group>";
		};
		E10E03901BEFDDD900D28F15 /* LaunchScreen.storyboard */ = {
			isa = PBXVariantGroup;
			children = (
				E10E03911BEFDDD900D28F15 /* Base */,
			);
			name = LaunchScreen.storyboard;
			sourceTree = "<group>";
		};
/* End PBXVariantGroup section */

/* Begin XCBuildConfiguration section */
		E10E03941BEFDDD900D28F15 /* Debug */ = {
			isa = XCBuildConfiguration;
			buildSettings = {
				ALWAYS_SEARCH_USER_PATHS = NO;
				CLANG_CXX_LANGUAGE_STANDARD = "gnu++0x";
				CLANG_CXX_LIBRARY = "libc++";
				CLANG_ENABLE_MODULES = YES;
				CLANG_ENABLE_OBJC_ARC = YES;
				CLANG_WARN_BOOL_CONVERSION = YES;
				CLANG_WARN_CONSTANT_CONVERSION = YES;
				CLANG_WARN_DIRECT_OBJC_ISA_USAGE = YES_ERROR;
				CLANG_WARN_EMPTY_BODY = YES;
				CLANG_WARN_ENUM_CONVERSION = YES;
				CLANG_WARN_INT_CONVERSION = YES;
				CLANG_WARN_OBJC_ROOT_CLASS = YES_ERROR;
				CLANG_WARN_UNREACHABLE_CODE = YES;
				CLANG_WARN__DUPLICATE_METHOD_MATCH = YES;
				"CODE_SIGN_IDENTITY[sdk=iphoneos*]" = "iPhone Developer";
				COPY_PHASE_STRIP = NO;
				DEBUG_INFORMATION_FORMAT = dwarf;
				ENABLE_STRICT_OBJC_MSGSEND = YES;
				ENABLE_TESTABILITY = YES;
				GCC_C_LANGUAGE_STANDARD = gnu99;
				GCC_DYNAMIC_NO_PIC = NO;
				GCC_NO_COMMON_BLOCKS = YES;
				GCC_OPTIMIZATION_LEVEL = 0;
				GCC_PREPROCESSOR_DEFINITIONS = (
					"DEBUG=1",
					"$(inherited)",
				);
				GCC_WARN_64_TO_32_BIT_CONVERSION = YES;
				GCC_WARN_ABOUT_RETURN_TYPE = YES_ERROR;
				GCC_WARN_UNDECLARED_SELECTOR = YES;
				GCC_WARN_UNINITIALIZED_AUTOS = YES_AGGRESSIVE;
				GCC_WARN_UNUSED_FUNCTION = YES;
				GCC_WARN_UNUSED_VARIABLE = YES;
				IPHONEOS_DEPLOYMENT_TARGET = 9.1;
				MTL_ENABLE_DEBUG_INFO = YES;
				ONLY_ACTIVE_ARCH = YES;
				SDKROOT = iphoneos;
				SWIFT_OPTIMIZATION_LEVEL = "-Onone";
			};
			name = Debug;
		};
		E10E03951BEFDDD900D28F15 /* Release */ = {
			isa = XCBuildConfiguration;
			buildSettings = {
				ALWAYS_SEARCH_USER_PATHS = NO;
				CLANG_CXX_LANGUAGE_STANDARD = "gnu++0x";
				CLANG_CXX_LIBRARY = "libc++";
				CLANG_ENABLE_MODULES = YES;
				CLANG_ENABLE_OBJC_ARC = YES;
				CLANG_WARN_BOOL_CONVERSION = YES;
				CLANG_WARN_CONSTANT_CONVERSION = YES;
				CLANG_WARN_DIRECT_OBJC_ISA_USAGE = YES_ERROR;
				CLANG_WARN_EMPTY_BODY = YES;
				CLANG_WARN_ENUM_CONVERSION = YES;
				CLANG_WARN_INT_CONVERSION = YES;
				CLANG_WARN_OBJC_ROOT_CLASS = YES_ERROR;
				CLANG_WARN_UNREACHABLE_CODE = YES;
				CLANG_WARN__DUPLICATE_METHOD_MATCH = YES;
				"CODE_SIGN_IDENTITY[sdk=iphoneos*]" = "iPhone Developer";
				COPY_PHASE_STRIP = NO;
				DEBUG_INFORMATION_FORMAT = "dwarf-with-dsym";
				ENABLE_NS_ASSERTIONS = NO;
				ENABLE_STRICT_OBJC_MSGSEND = YES;
				GCC_C_LANGUAGE_STANDARD = gnu99;
				GCC_NO_COMMON_BLOCKS = YES;
				GCC_WARN_64_TO_32_BIT_CONVERSION = YES;
				GCC_WARN_ABOUT_RETURN_TYPE = YES_ERROR;
				GCC_WARN_UNDECLARED_SELECTOR = YES;
				GCC_WARN_UNINITIALIZED_AUTOS = YES_AGGRESSIVE;
				GCC_WARN_UNUSED_FUNCTION = YES;
				GCC_WARN_UNUSED_VARIABLE = YES;
				IPHONEOS_DEPLOYMENT_TARGET = 9.1;
				MTL_ENABLE_DEBUG_INFO = NO;
				SDKROOT = iphoneos;
				VALIDATE_PRODUCT = YES;
			};
			name = Release;
		};
		E10E03971BEFDDD900D28F15 /* Debug */ = {
			isa = XCBuildConfiguration;
			baseConfigurationReference = 114DAED56AFC995D2D4614B2 /* Pods-assistance.debug.xcconfig */;
			buildSettings = {
				ASSETCATALOG_COMPILER_APPICON_NAME = AppIcon;
				CODE_SIGN_ENTITLEMENTS = assistance/assistance.entitlements;
				CODE_SIGN_IDENTITY = "iPhone Developer";
				"CODE_SIGN_IDENTITY[sdk=iphoneos*]" = "iPhone Developer";
				INFOPLIST_FILE = assistance/Info.plist;
				LD_RUNPATH_SEARCH_PATHS = "$(inherited) @executable_path/Frameworks";
				PRODUCT_BUNDLE_IDENTIFIER = de.tudarmstadt.informatik.tk.assistance.ios;
				PRODUCT_NAME = "$(TARGET_NAME)";
				PROVISIONING_PROFILE = "";
				TARGETED_DEVICE_FAMILY = 1;
			};
			name = Debug;
		};
		E10E03981BEFDDD900D28F15 /* Release */ = {
			isa = XCBuildConfiguration;
			baseConfigurationReference = ACA73DE11247251C818FDE5A /* Pods-assistance.release.xcconfig */;
			buildSettings = {
				ASSETCATALOG_COMPILER_APPICON_NAME = AppIcon;
				CODE_SIGN_ENTITLEMENTS = assistance/assistance.entitlements;
				CODE_SIGN_IDENTITY = "iPhone Developer";
				"CODE_SIGN_IDENTITY[sdk=iphoneos*]" = "iPhone Developer";
				INFOPLIST_FILE = assistance/Info.plist;
				LD_RUNPATH_SEARCH_PATHS = "$(inherited) @executable_path/Frameworks";
				PRODUCT_BUNDLE_IDENTIFIER = de.tudarmstadt.informatik.tk.assistance.ios;
				PRODUCT_NAME = "$(TARGET_NAME)";
				PROVISIONING_PROFILE = "";
				TARGETED_DEVICE_FAMILY = 1;
			};
			name = Release;
		};
/* End XCBuildConfiguration section */

/* Begin XCConfigurationList section */
		E10E037F1BEFDDD900D28F15 /* Build configuration list for PBXProject "assistance" */ = {
			isa = XCConfigurationList;
			buildConfigurations = (
				E10E03941BEFDDD900D28F15 /* Debug */,
				E10E03951BEFDDD900D28F15 /* Release */,
			);
			defaultConfigurationIsVisible = 0;
			defaultConfigurationName = Release;
		};
		E10E03961BEFDDD900D28F15 /* Build configuration list for PBXNativeTarget "assistance" */ = {
			isa = XCConfigurationList;
			buildConfigurations = (
				E10E03971BEFDDD900D28F15 /* Debug */,
				E10E03981BEFDDD900D28F15 /* Release */,
			);
			defaultConfigurationIsVisible = 0;
			defaultConfigurationName = Release;
		};
/* End XCConfigurationList section */
	};
	rootObject = E10E037C1BEFDDD900D28F15 /* Project object */;
}
